
Microsoft Visual Studio Solution File, Format Version 12.00
# Visual Studio Version 16
VisualStudioVersion = 16.0.31729.503
MinimumVisualStudioVersion = 10.0.40219.1
Project("{FAE04EC0-301F-11D3-BF4B-00C04F79EFBC}") = "Discord Webhook", "Discord Webhook\Discord Webhook.csproj", "{D3BB960D-A1FA-475C-BD27-93C2F7FDA6DC}"
EndProject
Global
	GlobalSection(SolutionConfigurationPlatforms) = preSolution
		Debug|Any CPU = Debug|Any CPU
		Release|Any CPU = Release|Any CPU
	EndGlobalSection
	GlobalSection(ProjectConfigurationPlatforms) = postSolution
		{D3BB960D-A1FA-475C-BD27-93C2F7FDA6DC}.Debug|Any CPU.ActiveCfg = Debug|Any CPU
		{D3BB960D-A1FA-475C-BD27-93C2F7FDA6DC}.Debug|Any CPU.Build.0 = Debug|Any CPU
		{D3BB960D-A1FA-475C-BD27-93C2F7FDA6DC}.Release|Any CPU.ActiveCfg = Release|Any CPU
		{D3BB960D-A1FA-475C-BD27-93C2F7FDA6DC}.Release|Any CPU.Build.0 = Release|Any CPU
	EndGlobalSection
	GlobalSection(SolutionProperties) = preSolution
		HideSolutionNode = FALSE
	EndGlobalSection
	GlobalSection(ExtensibilityGlobals) = postSolution
		SolutionGuid = {9D9AF1E6-FF79-4559-A2FD-047080C98ECB}
	EndGlobalSection
EndGlobal
